
Microsoft Visual Studio Solution File, Format Version 12.00
# Visual Studio Version 16
VisualStudioVersion = 16.0.29020.237
MinimumVisualStudioVersion = 10.0.40219.1
Project("{FAE04EC0-301F-11D3-BF4B-00C04F79EFBC}") = "PicoInterpreter", "PicoInterpreter\PicoInterpreter.csproj", "{D06AF230-8A3B-4F3A-9FAB-31C017F4FFCD}"
EndProject
Global
	GlobalSection(SolutionConfigurationPlatforms) = preSolution
		Debug|Any CPU = Debug|Any CPU
		Release|Any CPU = Release|Any CPU
	EndGlobalSection
	GlobalSection(ProjectConfigurationPlatforms) = postSolution
		{D06AF230-8A3B-4F3A-9FAB-31C017F4FFCD}.Debug|Any CPU.ActiveCfg = Debug|Any CPU
		{D06AF230-8A3B-4F3A-9FAB-31C017F4FFCD}.Debug|Any CPU.Build.0 = Debug|Any CPU
		{D06AF230-8A3B-4F3A-9FAB-31C017F4FFCD}.Release|Any CPU.ActiveCfg = Release|Any CPU
		{D06AF230-8A3B-4F3A-9FAB-31C017F4FFCD}.Release|Any CPU.Build.0 = Release|Any CPU
	EndGlobalSection
	GlobalSection(SolutionProperties) = preSolution
		HideSolutionNode = FALSE
	EndGlobalSection
	GlobalSection(ExtensibilityGlobals) = postSolution
		SolutionGuid = {BC38B90C-8982-4685-83E5-5F40E1E5E1F5}
	EndGlobalSection
EndGlobal
